<Solution>
  <Project Path="../../04.CLIMOV/SistemaConversorUI.Maui/SistemaConversorUI.Maui.csproj" />
  <Project Path="../../04.CLIWEB/SistemaConversorUI.Web/SistemaConversorUI.Web.Client/SistemaConversorUI.Web.Client.csproj" />
  <Project Path="../../04.CLIWEB/SistemaConversorUI.Web/SistemaConversorUI.Web/SistemaConversorUI.Web.csproj" />
  <Project Path="SistemaConversorUI.Shared/SistemaConversorUI.Shared.csproj" />
</Solution>
